
Microsoft Visual Studio Solution File, Format Version 12.00
# Visual Studio Version 16
VisualStudioVersion = 16.0.31205.134
MinimumVisualStudioVersion = 10.0.40219.1
Project("{FAE04EC0-301F-11D3-BF4B-00C04F79EFBC}") = "EduLab-Process-Simulator", "EduLab-Process-Simulator\EduLab-Process-Simulator.csproj", "{104BF52A-3935-478B-862D-E0459394E880}"
EndProject
Global
	GlobalSection(SolutionConfigurationPlatforms) = preSolution
		Debug|Any CPU = Debug|Any CPU
		Release|Any CPU = Release|Any CPU
	EndGlobalSection
	GlobalSection(ProjectConfigurationPlatforms) = postSolution
		{104BF52A-3935-478B-862D-E0459394E880}.Debug|Any CPU.ActiveCfg = Debug|Any CPU
		{104BF52A-3935-478B-862D-E0459394E880}.Debug|Any CPU.Build.0 = Debug|Any CPU
		{104BF52A-3935-478B-862D-E0459394E880}.Release|Any CPU.ActiveCfg = Release|Any CPU
		{104BF52A-3935-478B-862D-E0459394E880}.Release|Any CPU.Build.0 = Release|Any CPU
	EndGlobalSection
	GlobalSection(SolutionProperties) = preSolution
		HideSolutionNode = FALSE
	EndGlobalSection
	GlobalSection(ExtensibilityGlobals) = postSolution
		SolutionGuid = {74E34D63-E493-4ABC-895C-025B44F4BE06}
	EndGlobalSection
EndGlobal
